
Microsoft Visual Studio Solution File, Format Version 12.00
# Visual Studio Version 16
VisualStudioVersion = 16.0.30907.101
MinimumVisualStudioVersion = 10.0.40219.1
Project("{FAE04EC0-301F-11D3-BF4B-00C04F79EFBC}") = "21spel", "21spel\21spel.csproj", "{361C8060-A20E-44B6-8F0F-A6C90D63279D}"
EndProject
Global
	GlobalSection(SolutionConfigurationPlatforms) = preSolution
		Debug|Any CPU = Debug|Any CPU
		Release|Any CPU = Release|Any CPU
	EndGlobalSection
	GlobalSection(ProjectConfigurationPlatforms) = postSolution
		{361C8060-A20E-44B6-8F0F-A6C90D63279D}.Debug|Any CPU.ActiveCfg = Debug|Any CPU
		{361C8060-A20E-44B6-8F0F-A6C90D63279D}.Debug|Any CPU.Build.0 = Debug|Any CPU
		{361C8060-A20E-44B6-8F0F-A6C90D63279D}.Release|Any CPU.ActiveCfg = Release|Any CPU
		{361C8060-A20E-44B6-8F0F-A6C90D63279D}.Release|Any CPU.Build.0 = Release|Any CPU
	EndGlobalSection
	GlobalSection(SolutionProperties) = preSolution
		HideSolutionNode = FALSE
	EndGlobalSection
	GlobalSection(ExtensibilityGlobals) = postSolution
		SolutionGuid = {492A6C95-83DE-4EE8-B750-E80A42DD673B}
	EndGlobalSection
EndGlobal
