
Microsoft Visual Studio Solution File, Format Version 12.00
# Visual Studio Version 16
VisualStudioVersion = 16.0.30907.101
MinimumVisualStudioVersion = 10.0.40219.1
Project("{FAE04EC0-301F-11D3-BF4B-00C04F79EFBC}") = "21game", "21game\21game.csproj", "{B12896AE-9D32-4266-9A47-0572D6956585}"
EndProject
Global
	GlobalSection(SolutionConfigurationPlatforms) = preSolution
		Debug|Any CPU = Debug|Any CPU
		Release|Any CPU = Release|Any CPU
	EndGlobalSection
	GlobalSection(ProjectConfigurationPlatforms) = postSolution
		{B12896AE-9D32-4266-9A47-0572D6956585}.Debug|Any CPU.ActiveCfg = Debug|Any CPU
		{B12896AE-9D32-4266-9A47-0572D6956585}.Debug|Any CPU.Build.0 = Debug|Any CPU
		{B12896AE-9D32-4266-9A47-0572D6956585}.Release|Any CPU.ActiveCfg = Release|Any CPU
		{B12896AE-9D32-4266-9A47-0572D6956585}.Release|Any CPU.Build.0 = Release|Any CPU
	EndGlobalSection
	GlobalSection(SolutionProperties) = preSolution
		HideSolutionNode = FALSE
	EndGlobalSection
	GlobalSection(ExtensibilityGlobals) = postSolution
		SolutionGuid = {5CCBFB4A-3CF4-43A9-A5F6-183F18A658BE}
	EndGlobalSection
EndGlobal
